
Microsoft Visual Studio Solution File, Format Version 12.00
# Visual Studio Version 16
VisualStudioVersion = 16.0.28902.138
MinimumVisualStudioVersion = 10.0.40219.1
Project("{FAE04EC0-301F-11D3-BF4B-00C04F79EFBC}") = "XD75_HID", "XD75_HID\XD75_HID.csproj", "{C59D4A77-F6C4-48FF-A550-34E1F9C07A33}"
EndProject
Global
	GlobalSection(SolutionConfigurationPlatforms) = preSolution
		Debug|Any CPU = Debug|Any CPU
		Release|Any CPU = Release|Any CPU
	EndGlobalSection
	GlobalSection(ProjectConfigurationPlatforms) = postSolution
		{C59D4A77-F6C4-48FF-A550-34E1F9C07A33}.Debug|Any CPU.ActiveCfg = Debug|Any CPU
		{C59D4A77-F6C4-48FF-A550-34E1F9C07A33}.Debug|Any CPU.Build.0 = Debug|Any CPU
		{C59D4A77-F6C4-48FF-A550-34E1F9C07A33}.Release|Any CPU.ActiveCfg = Release|Any CPU
		{C59D4A77-F6C4-48FF-A550-34E1F9C07A33}.Release|Any CPU.Build.0 = Release|Any CPU
	EndGlobalSection
	GlobalSection(SolutionProperties) = preSolution
		HideSolutionNode = FALSE
	EndGlobalSection
	GlobalSection(ExtensibilityGlobals) = postSolution
		SolutionGuid = {EF71AD79-1928-427E-A723-1B0AE4BE9542}
	EndGlobalSection
EndGlobal
